
Microsoft Visual Studio Solution File, Format Version 12.00
# Visual Studio Version 17
VisualStudioVersion = 17.0.32112.339
MinimumVisualStudioVersion = 10.0.40219.1
Project("{FAE04EC0-301F-11D3-BF4B-00C04F79EFBC}") = "Prototype", "Prototype.csproj", "{B655A43B-5477-45BE-9EDE-515FCF3D31CD}"
EndProject
Global
	GlobalSection(SolutionConfigurationPlatforms) = preSolution
		Debug|Any CPU = Debug|Any CPU
		Release|Any CPU = Release|Any CPU
	EndGlobalSection
	GlobalSection(ProjectConfigurationPlatforms) = postSolution
		{B655A43B-5477-45BE-9EDE-515FCF3D31CD}.Debug|Any CPU.ActiveCfg = Debug|Any CPU
		{B655A43B-5477-45BE-9EDE-515FCF3D31CD}.Debug|Any CPU.Build.0 = Debug|Any CPU
		{B655A43B-5477-45BE-9EDE-515FCF3D31CD}.Release|Any CPU.ActiveCfg = Release|Any CPU
		{B655A43B-5477-45BE-9EDE-515FCF3D31CD}.Release|Any CPU.Build.0 = Release|Any CPU
	EndGlobalSection
	GlobalSection(SolutionProperties) = preSolution
		HideSolutionNode = FALSE
	EndGlobalSection
	GlobalSection(ExtensibilityGlobals) = postSolution
		SolutionGuid = {9E3E4E10-32BA-476A-AEBA-0DD5100090CB}
	EndGlobalSection
EndGlobal
